
Microsoft Visual Studio Solution File, Format Version 12.00
# Visual Studio Version 17
VisualStudioVersion = 17.4.33213.308
MinimumVisualStudioVersion = 10.0.40219.1
Project("{FAE04EC0-301F-11D3-BF4B-00C04F79EFBC}") = "InventorySystem-Rasay", "InventorySystem-Rasay\InventorySystem-Rasay.csproj", "{089C7460-03A1-485E-9D81-D3D0E5AC7A45}"
EndProject
Global
	GlobalSection(SolutionConfigurationPlatforms) = preSolution
		Debug|Any CPU = Debug|Any CPU
		Release|Any CPU = Release|Any CPU
	EndGlobalSection
	GlobalSection(ProjectConfigurationPlatforms) = postSolution
		{089C7460-03A1-485E-9D81-D3D0E5AC7A45}.Debug|Any CPU.ActiveCfg = Debug|Any CPU
		{089C7460-03A1-485E-9D81-D3D0E5AC7A45}.Debug|Any CPU.Build.0 = Debug|Any CPU
		{089C7460-03A1-485E-9D81-D3D0E5AC7A45}.Release|Any CPU.ActiveCfg = Release|Any CPU
		{089C7460-03A1-485E-9D81-D3D0E5AC7A45}.Release|Any CPU.Build.0 = Release|Any CPU
	EndGlobalSection
	GlobalSection(SolutionProperties) = preSolution
		HideSolutionNode = FALSE
	EndGlobalSection
	GlobalSection(ExtensibilityGlobals) = postSolution
		SolutionGuid = {858EA9B8-6AA5-4C93-9700-9521C8C4FBA6}
	EndGlobalSection
EndGlobal
